
Microsoft Visual Studio Solution File, Format Version 12.00
# Visual Studio Version 17
VisualStudioVersion = 17.13.35919.96
MinimumVisualStudioVersion = 10.0.40219.1
Project("{FAE04EC0-301F-11D3-BF4B-00C04F79EFBC}") = "Web", "Web\Web.csproj", "{47ACD9E4-01D6-4138-9695-C314FFD90A72}"
EndProject
Project("{FAE04EC0-301F-11D3-BF4B-00C04F79EFBC}") = "Web.Tests", "Web.Tests\Web.Tests.csproj", "{8C19D631-B696-40F1-B7F6-A8B26267F825}"
EndProject
Global
	GlobalSection(SolutionConfigurationPlatforms) = preSolution
		Debug|Any CPU = Debug|Any CPU
		Release|Any CPU = Release|Any CPU
	EndGlobalSection
	GlobalSection(ProjectConfigurationPlatforms) = postSolution
		{47ACD9E4-01D6-4138-9695-C314FFD90A72}.Debug|Any CPU.ActiveCfg = Debug|Any CPU
		{47ACD9E4-01D6-4138-9695-C314FFD90A72}.Debug|Any CPU.Build.0 = Debug|Any CPU
		{47ACD9E4-01D6-4138-9695-C314FFD90A72}.Release|Any CPU.ActiveCfg = Release|Any CPU
		{47ACD9E4-01D6-4138-9695-C314FFD90A72}.Release|Any CPU.Build.0 = Release|Any CPU
		{8C19D631-B696-40F1-B7F6-A8B26267F825}.Debug|Any CPU.ActiveCfg = Debug|Any CPU
		{8C19D631-B696-40F1-B7F6-A8B26267F825}.Debug|Any CPU.Build.0 = Debug|Any CPU
		{8C19D631-B696-40F1-B7F6-A8B26267F825}.Release|Any CPU.ActiveCfg = Release|Any CPU
		{8C19D631-B696-40F1-B7F6-A8B26267F825}.Release|Any CPU.Build.0 = Release|Any CPU
	EndGlobalSection
	GlobalSection(SolutionProperties) = preSolution
		HideSolutionNode = FALSE
	EndGlobalSection
	GlobalSection(ExtensibilityGlobals) = postSolution
		SolutionGuid = {F9CF7359-B847-45A3-BA7A-BBAEC5C63FF1}
	EndGlobalSection
EndGlobal
